{
    "_readme": [
        "This file locks the dependencies of your project to a known state",
        "Read more about it at https://getcomposer.org/doc/01-basic-usage.md#installing-dependencies",
        "This file is @generated automatically"
    ],
    "content-hash": "50e747f2fa327135045387449f5c4d72",
    "packages": [
        {
            "name": "spatie/opening-hours",
            "version": "2.10.1",
            "source": {
                "type": "git",
                "url": "https://github.com/spatie/opening-hours.git",
                "reference": "b1f656141e01f22adb75e4a6b353195e5b728989"
            },
            "dist": {
                "type": "zip",
                "url": "https://api.github.com/repos/spatie/opening-hours/zipball/b1f656141e01f22adb75e4a6b353195e5b728989",
                "reference": "b1f656141e01f22adb75e4a6b353195e5b728989",
                "shasum": ""
            },
            "require": {
                "php": "^7.0 || ^8.0"
            },
            "require-dev": {
                "kylekatarnls/multi-tester": "^1.1",
                "phpunit/phpunit": "^6.5"
            },
            "type": "library",
            "autoload": {
                "psr-4": {
                    "Spatie\\OpeningHours\\": "src"
                }
            },
            "notification-url": "https://packagist.org/downloads/",
            "license": [
                "MIT"
            ],
            "authors": [
                {
                    "name": "Sebastian De Deyne",
                    "email": "sebastian@spatie.be",
                    "homepage": "https://spatie.be",
                    "role": "Developer"
                }
            ],
            "description": "A helper to query and format a set of opening hours",
            "homepage": "https://github.com/spatie/opening-hours",
            "keywords": [
                "hours",
                "opening",
                "opening-hours",
                "schedule",
                "spatie"
            ],
            "time": "2020-12-10T22:35:29+00:00"
        }
    ],
    "packages-dev": [],
    "aliases": [],
    "minimum-stability": "stable",
    "stability-flags": [],
    "prefer-stable": false,
    "prefer-lowest": false,
    "platform": [],
    "platform-dev": []
}
